
Microsoft Visual Studio Solution File, Format Version 12.00
# Visual Studio 15
VisualStudioVersion = 15.0.28010.2048
MinimumVisualStudioVersion = 10.0.40219.1
Project("{FAE04EC0-301F-11D3-BF4B-00C04F79EFBC}") = "Demo.Login.Api", "Demo.Login.Api\Demo.Login.Api.csproj", "{D3449AE2-9FC0-4F6E-944E-42893F501286}"
EndProject
Project("{FAE04EC0-301F-11D3-BF4B-00C04F79EFBC}") = "Demo.User.Api", "Demo.User.Api\Demo.User.Api.csproj", "{52AD1AB3-5891-4413-A3B9-DEB70343891C}"
EndProject
Global
	GlobalSection(SolutionConfigurationPlatforms) = preSolution
		Debug|Any CPU = Debug|Any CPU
		Release|Any CPU = Release|Any CPU
	EndGlobalSection
	GlobalSection(ProjectConfigurationPlatforms) = postSolution
		{D3449AE2-9FC0-4F6E-944E-42893F501286}.Debug|Any CPU.ActiveCfg = Debug|Any CPU
		{D3449AE2-9FC0-4F6E-944E-42893F501286}.Debug|Any CPU.Build.0 = Debug|Any CPU
		{D3449AE2-9FC0-4F6E-944E-42893F501286}.Release|Any CPU.ActiveCfg = Release|Any CPU
		{D3449AE2-9FC0-4F6E-944E-42893F501286}.Release|Any CPU.Build.0 = Release|Any CPU
		{52AD1AB3-5891-4413-A3B9-DEB70343891C}.Debug|Any CPU.ActiveCfg = Debug|Any CPU
		{52AD1AB3-5891-4413-A3B9-DEB70343891C}.Debug|Any CPU.Build.0 = Debug|Any CPU
		{52AD1AB3-5891-4413-A3B9-DEB70343891C}.Release|Any CPU.ActiveCfg = Release|Any CPU
		{52AD1AB3-5891-4413-A3B9-DEB70343891C}.Release|Any CPU.Build.0 = Release|Any CPU
	EndGlobalSection
	GlobalSection(SolutionProperties) = preSolution
		HideSolutionNode = FALSE
	EndGlobalSection
	GlobalSection(ExtensibilityGlobals) = postSolution
		SolutionGuid = {0BEC43C3-E07C-4EFE-9798-59917FDD126E}
	EndGlobalSection
EndGlobal
